{
  "name": "Scoreboard-Expansion",
  "lockfileVersion": 2,
  "requires": true,
  "packages": {
    "": {
      "dependencies": {
        "gametest-maths": "^1.2.1",
        "mbcore-gametest": "^2.4.0"
      }
    },
    "node_modules/@types/mojang-minecraft": {
      "version": "0.1.4",
      "resolved": "https://registry.npmjs.org/@types/mojang-minecraft/-/mojang-minecraft-0.1.4.tgz",
      "integrity": "sha512-AJAz3jdTeHq4YFRKsWAFUnh4oftYt97WBoNxw061LD+FImSspi6UQ3/U+BfuBgLJtAqCNSlryyh6mGJA388XLg=="
    },
    "node_modules/gametest-maths": {
      "version": "1.2.1",
      "resolved": "https://registry.npmjs.org/gametest-maths/-/gametest-maths-1.2.1.tgz",
      "integrity": "sha512-qA5QTlFiytiiXp70UlTgul1wtn9FAouRtt9Dn3rCD+WeJI78bi+A3g+QRCqDx8qyGCCPvwZecTtzVw0xfiU+Zw==",
      "dependencies": {
        "@types/mojang-minecraft": "^0.1.2"
      }
    },
    "node_modules/mbcore-gametest": {
      "version": "2.4.0",
      "resolved": "https://registry.npmjs.org/mbcore-gametest/-/mbcore-gametest-2.4.0.tgz",
      "integrity": "sha512-+Pb7mnkVdiKDjrXLqIQou1NM3lziLx0j+G5O44Nru8lelKlODM1VFyQn782E+R4SU3gqIjFZGqMxkNd8rExEIw==",
      "dependencies": {
        "gametest-maths": "^1.1.6"
      }
    }
  },
  "dependencies": {
    "@types/mojang-minecraft": {
      "version": "0.1.4",
      "resolved": "https://registry.npmjs.org/@types/mojang-minecraft/-/mojang-minecraft-0.1.4.tgz",
      "integrity": "sha512-AJAz3jdTeHq4YFRKsWAFUnh4oftYt97WBoNxw061LD+FImSspi6UQ3/U+BfuBgLJtAqCNSlryyh6mGJA388XLg=="
    },
    "gametest-maths": {
      "version": "1.2.1",
      "resolved": "https://registry.npmjs.org/gametest-maths/-/gametest-maths-1.2.1.tgz",
      "integrity": "sha512-qA5QTlFiytiiXp70UlTgul1wtn9FAouRtt9Dn3rCD+WeJI78bi+A3g+QRCqDx8qyGCCPvwZecTtzVw0xfiU+Zw==",
      "requires": {
        "@types/mojang-minecraft": "^0.1.2"
      }
    },
    "mbcore-gametest": {
      "version": "2.4.0",
      "resolved": "https://registry.npmjs.org/mbcore-gametest/-/mbcore-gametest-2.4.0.tgz",
      "integrity": "sha512-+Pb7mnkVdiKDjrXLqIQou1NM3lziLx0j+G5O44Nru8lelKlODM1VFyQn782E+R4SU3gqIjFZGqMxkNd8rExEIw==",
      "requires": {
        "gametest-maths": "^1.1.6"
      }
    }
  }
}
