{
  "name": "Scoreboard-Expansion",
  "lockfileVersion": 2,
  "requires": true,
  "packages": {
    "": {
      "dependencies": {
        "@types/mojang-minecraft": "^0.1.6",
        "gametest-maths": "^1.2.1",
        "mbcore-gametest": "^2.7.12"
      },
      "devDependencies": {
        "adm-zip": "^0.5.9"
      }
    },
    "node_modules/@types/mojang-minecraft": {
      "version": "0.1.6",
      "resolved": "https://registry.npmjs.org/@types/mojang-minecraft/-/mojang-minecraft-0.1.6.tgz",
      "integrity": "sha512-Zho2/JYWmowvOYGVcnV08DRASYm66oeENR4yvXTLpMXWJm/j12rbuk5ddXQoE+GIu+vsbsQzzJFHeZ3HxI1TLw=="
    },
    "node_modules/@types/mojang-minecraft-ui": {
      "version": "0.1.0",
      "resolved": "https://registry.npmjs.org/@types/mojang-minecraft-ui/-/mojang-minecraft-ui-0.1.0.tgz",
      "integrity": "sha512-JGQ3xEPEV4DZsUKM4GgLpoWbLUHyMsN9vLRhClOQItgNd79TireJPGwJ+4bnTWddreL4oqxI32ceIQThG/GoTw==",
      "dependencies": {
        "@types/mojang-minecraft": "*"
      }
    },
    "node_modules/adm-zip": {
      "version": "0.5.9",
      "resolved": "https://registry.npmjs.org/adm-zip/-/adm-zip-0.5.9.tgz",
      "integrity": "sha512-s+3fXLkeeLjZ2kLjCBwQufpI5fuN+kIGBxu6530nVQZGVol0d7Y/M88/xw9HGGUcJjKf8LutN3VPRUBq6N7Ajg==",
      "dev": true,
      "engines": {
        "node": ">=6.0"
      }
    },
    "node_modules/gametest-maths": {
      "version": "1.2.1",
      "resolved": "https://registry.npmjs.org/gametest-maths/-/gametest-maths-1.2.1.tgz",
      "integrity": "sha512-qA5QTlFiytiiXp70UlTgul1wtn9FAouRtt9Dn3rCD+WeJI78bi+A3g+QRCqDx8qyGCCPvwZecTtzVw0xfiU+Zw==",
      "dependencies": {
        "@types/mojang-minecraft": "^0.1.2"
      }
    },
    "node_modules/mbcore-gametest": {
      "version": "2.7.12",
      "resolved": "https://registry.npmjs.org/mbcore-gametest/-/mbcore-gametest-2.7.12.tgz",
      "integrity": "sha512-G0KyuTZ38FL1tJ/R9Nx/tkYyC8yqnkEqZWRVlDeMCcKb3qfHADkJJKxOP8lefV1etFrS8K1rNNKshEib0bsrRw==",
      "dependencies": {
        "@types/mojang-minecraft": "^0.1.6",
        "@types/mojang-minecraft-ui": "^0.1.0",
        "gametest-maths": "^1.1.6"
      }
    }
  },
  "dependencies": {
    "@types/mojang-minecraft": {
      "version": "0.1.6",
      "resolved": "https://registry.npmjs.org/@types/mojang-minecraft/-/mojang-minecraft-0.1.6.tgz",
      "integrity": "sha512-Zho2/JYWmowvOYGVcnV08DRASYm66oeENR4yvXTLpMXWJm/j12rbuk5ddXQoE+GIu+vsbsQzzJFHeZ3HxI1TLw=="
    },
    "@types/mojang-minecraft-ui": {
      "version": "0.1.0",
      "resolved": "https://registry.npmjs.org/@types/mojang-minecraft-ui/-/mojang-minecraft-ui-0.1.0.tgz",
      "integrity": "sha512-JGQ3xEPEV4DZsUKM4GgLpoWbLUHyMsN9vLRhClOQItgNd79TireJPGwJ+4bnTWddreL4oqxI32ceIQThG/GoTw==",
      "requires": {
        "@types/mojang-minecraft": "*"
      }
    },
    "adm-zip": {
      "version": "0.5.9",
      "resolved": "https://registry.npmjs.org/adm-zip/-/adm-zip-0.5.9.tgz",
      "integrity": "sha512-s+3fXLkeeLjZ2kLjCBwQufpI5fuN+kIGBxu6530nVQZGVol0d7Y/M88/xw9HGGUcJjKf8LutN3VPRUBq6N7Ajg==",
      "dev": true
    },
    "gametest-maths": {
      "version": "1.2.1",
      "resolved": "https://registry.npmjs.org/gametest-maths/-/gametest-maths-1.2.1.tgz",
      "integrity": "sha512-qA5QTlFiytiiXp70UlTgul1wtn9FAouRtt9Dn3rCD+WeJI78bi+A3g+QRCqDx8qyGCCPvwZecTtzVw0xfiU+Zw==",
      "requires": {
        "@types/mojang-minecraft": "^0.1.2"
      }
    },
    "mbcore-gametest": {
      "version": "2.7.12",
      "resolved": "https://registry.npmjs.org/mbcore-gametest/-/mbcore-gametest-2.7.12.tgz",
      "integrity": "sha512-G0KyuTZ38FL1tJ/R9Nx/tkYyC8yqnkEqZWRVlDeMCcKb3qfHADkJJKxOP8lefV1etFrS8K1rNNKshEib0bsrRw==",
      "requires": {
        "@types/mojang-minecraft": "^0.1.6",
        "@types/mojang-minecraft-ui": "^0.1.0",
        "gametest-maths": "^1.1.6"
      }
    }
  }
}
